
Microsoft Visual Studio Solution File, Format Version 12.00
# Visual Studio Version 16
VisualStudioVersion = 16.0.31105.61
MinimumVisualStudioVersion = 10.0.40219.1
Project("{FAE04EC0-301F-11D3-BF4B-00C04F79EFBC}") = "RelatedSetHostApp", "RelatedSetHostApp\RelatedSetHostApp.csproj", "{83CFD06F-09DC-47B4-BA5B-BB28ADC66476}"
EndProject
Project("{FAE04EC0-301F-11D3-BF4B-00C04F79EFBC}") = "RelatedSetOptionalPackageCS", "RelatedSetOptionalPackageCS\RelatedSetOptionalPackageCS.csproj", "{19C91B74-064B-4551-9AC3-5A5C5616FC84}"
EndProject
Project("{8BC9CEB8-8B4A-11D0-8D11-00A0C91BC942}") = "RelatedSetHostAppNativeHelper", "RelatedSetHostAppNativeHelper\RelatedSetHostAppNativeHelper.vcxproj", "{1DF5A036-4C95-4648-8109-97410C503E39}"
EndProject
Project("{8BC9CEB8-8B4A-11D0-8D11-00A0C91BC942}") = "RelatedSetOptionalPackageCPP", "RelatedSetOptionalPackageCPP\RelatedSetOptionalPackageCPP.vcxproj", "{3082D212-D8BD-4855-9918-48447CC57267}"
EndProject
Project("{8BC9CEB8-8B4A-11D0-8D11-00A0C91BC942}") = "RelatedSetOptionalPackageCppDll", "RelatedSetOptionalPackageCppDll\RelatedSetOptionalPackageCppDll.vcxproj", "{CB425C0A-473C-4468-ACB9-F0FABCEAC7F4}"
EndProject
Project("{8BC9CEB8-8B4A-11D0-8D11-00A0C91BC942}") = "RelatedSetCommon", "RelatedSetCommon\RelatedSetCommon.vcxproj", "{43695E9D-C703-4DCD-AE5E-E25A1110FDA0}"
EndProject
Project("{2150E333-8FDC-42A3-9474-1A3956D46DE8}") = "Common", "Common", "{476A9C41-B653-45BC-B985-E3A9027AC94B}"
EndProject
Project("{2150E333-8FDC-42A3-9474-1A3956D46DE8}") = "HostApp", "HostApp", "{75596FCD-95EB-4E06-A652-8C6B88647D48}"
EndProject
Project("{2150E333-8FDC-42A3-9474-1A3956D46DE8}") = "OptionalPackage", "OptionalPackage", "{A9A8D46A-F064-41F2-A7F3-34A7857EB4F9}"
EndProject
Global
	GlobalSection(SolutionConfigurationPlatforms) = preSolution
		Debug|x64 = Debug|x64
	EndGlobalSection
	GlobalSection(ProjectConfigurationPlatforms) = postSolution
		{83CFD06F-09DC-47B4-BA5B-BB28ADC66476}.Debug|x64.ActiveCfg = Debug|x64
		{83CFD06F-09DC-47B4-BA5B-BB28ADC66476}.Debug|x64.Build.0 = Debug|x64
		{83CFD06F-09DC-47B4-BA5B-BB28ADC66476}.Debug|x64.Deploy.0 = Debug|x64
		{19C91B74-064B-4551-9AC3-5A5C5616FC84}.Debug|x64.ActiveCfg = Debug|x64
		{19C91B74-064B-4551-9AC3-5A5C5616FC84}.Debug|x64.Build.0 = Debug|x64
		{19C91B74-064B-4551-9AC3-5A5C5616FC84}.Debug|x64.Deploy.0 = Debug|x64
		{1DF5A036-4C95-4648-8109-97410C503E39}.Debug|x64.ActiveCfg = Debug|x64
		{1DF5A036-4C95-4648-8109-97410C503E39}.Debug|x64.Build.0 = Debug|x64
		{3082D212-D8BD-4855-9918-48447CC57267}.Debug|x64.ActiveCfg = Debug|x64
		{3082D212-D8BD-4855-9918-48447CC57267}.Debug|x64.Build.0 = Debug|x64
		{3082D212-D8BD-4855-9918-48447CC57267}.Debug|x64.Deploy.0 = Debug|x64
		{CB425C0A-473C-4468-ACB9-F0FABCEAC7F4}.Debug|x64.ActiveCfg = Debug|x64
		{CB425C0A-473C-4468-ACB9-F0FABCEAC7F4}.Debug|x64.Build.0 = Debug|x64
		{43695E9D-C703-4DCD-AE5E-E25A1110FDA0}.Debug|x64.ActiveCfg = Debug|x64
		{43695E9D-C703-4DCD-AE5E-E25A1110FDA0}.Debug|x64.Build.0 = Debug|x64
	EndGlobalSection
	GlobalSection(SolutionProperties) = preSolution
		HideSolutionNode = FALSE
	EndGlobalSection
	GlobalSection(NestedProjects) = preSolution
		{83CFD06F-09DC-47B4-BA5B-BB28ADC66476} = {75596FCD-95EB-4E06-A652-8C6B88647D48}
		{19C91B74-064B-4551-9AC3-5A5C5616FC84} = {A9A8D46A-F064-41F2-A7F3-34A7857EB4F9}
		{1DF5A036-4C95-4648-8109-97410C503E39} = {75596FCD-95EB-4E06-A652-8C6B88647D48}
		{3082D212-D8BD-4855-9918-48447CC57267} = {A9A8D46A-F064-41F2-A7F3-34A7857EB4F9}
		{CB425C0A-473C-4468-ACB9-F0FABCEAC7F4} = {A9A8D46A-F064-41F2-A7F3-34A7857EB4F9}
		{43695E9D-C703-4DCD-AE5E-E25A1110FDA0} = {476A9C41-B653-45BC-B985-E3A9027AC94B}
	EndGlobalSection
	GlobalSection(ExtensibilityGlobals) = postSolution
		SolutionGuid = {5DC61BEE-A17C-4091-8846-BA8329A51C63}
	EndGlobalSection
EndGlobal
